
Microsoft Visual Studio Solution File, Format Version 11.00
# Visual Studio 2010
Project("{FAE04EC0-301F-11D3-BF4B-00C04F79EFBC}") = "OakIdeas.EBook", "OakIdeas.EBook\OakIdeas.EBook.csproj", "{89AA60AB-DDA7-4D9B-AC4B-A2779111C402}"
EndProject
Global
	GlobalSection(SolutionConfigurationPlatforms) = preSolution
		Debug|Any CPU = Debug|Any CPU
		Release|Any CPU = Release|Any CPU
	EndGlobalSection
	GlobalSection(ProjectConfigurationPlatforms) = postSolution
		{89AA60AB-DDA7-4D9B-AC4B-A2779111C402}.Debug|Any CPU.ActiveCfg = Debug|Any CPU
		{89AA60AB-DDA7-4D9B-AC4B-A2779111C402}.Debug|Any CPU.Build.0 = Debug|Any CPU
		{89AA60AB-DDA7-4D9B-AC4B-A2779111C402}.Release|Any CPU.ActiveCfg = Release|Any CPU
		{89AA60AB-DDA7-4D9B-AC4B-A2779111C402}.Release|Any CPU.Build.0 = Release|Any CPU
	EndGlobalSection
	GlobalSection(SolutionProperties) = preSolution
		HideSolutionNode = FALSE
	EndGlobalSection
EndGlobal
